{
  "name": "csv-flat",
  "version": "0.0.1",
  "lockfileVersion": 3,
  "requires": true,
  "packages": {
    "": {
      "name": "csv-flat",
      "version": "0.0.1",
      "license": "MIT",
      "dependencies": {
        "csvsync": "^1.3.3"
      }
    },
    "node_modules/csvsync": {
      "version": "1.3.3",
      "resolved": "https://registry.npmjs.org/csvsync/-/csvsync-1.3.3.tgz",
      "integrity": "sha512-j6y4VqM93BKjwm2MVVRqeV7SyilxyS/une5MVmC7041gXYlAmLDfB3l+RY3QZbukAHtNpe+6yKiaxOG2quyR8g==",
      "license": "ISC",
      "dependencies": {
        "lodash.isstring": "^4.0.1"
      }
    },
    "node_modules/lodash.isstring": {
      "version": "4.0.1",
      "resolved": "https://registry.npmjs.org/lodash.isstring/-/lodash.isstring-4.0.1.tgz",
      "integrity": "sha1-1SfftUVuynzJu5XV2ur4i6VKVFE="
    }
  }
}
